{
  "name": "@cfn-modules/rds-postgres",
  "version": "2.2.1",
  "lockfileVersion": 3,
  "requires": true,
  "packages": {
    "": {
      "name": "@cfn-modules/rds-postgres",
      "version": "2.2.1",
      "bundleDependencies": [
        "@cfn-modules/rds-instance"
      ],
      "license": "Apache-2.0",
      "dependencies": {
        "@cfn-modules/rds-instance": "^1.5.0"
      }
    },
    "node_modules/@cfn-modules/rds-instance": {
      "version": "1.5.0",
      "resolved": "https://registry.npmjs.org/@cfn-modules/rds-instance/-/rds-instance-1.5.0.tgz",
      "integrity": "sha512-dU9Zk0m1RUraQPeiOLPXzoZtIbIlx8c0WGlcfZ+G04HWTyya1KqGj7OWm9X4fF1hWqs074iTWXqqdWhs89CSxQ==",
      "inBundle": true
    }
  }
}
